#
# This file is autogenerated by pip-compile with Python 3.10
# by the following command:
#
#    pip-compile --allow-unsafe --cert=None --client-cert=None --generate-hashes --index-url=None --no-emit-index-url --no-index --output-file=requirements.lock --pip-args=None --strip-extras requirements.in
#
annotated-types==0.8.0 \
    --hash=sha256:13b2beaad985e05e2d6407ee4c4f35590b11f8d693a258a561055cac8f64cab7 \
    --hash=sha256:f072f4d804ea359e4eaf198b1af7a8b0943881a87f31bb764f8bf219bb9419e0
    # via pydantic
anyio==3.7.1 \
    --hash=sha256:44a3c9aba0f5defa43261a8b3efb97891f2bd7d804e0e1f56419befa1adfc780 \
    --hash=sha256:91dee416e570e92c64041bd18b900d1d6fa78dff7048769ce5ac5ddad004fbb5
    # via
    #   fastapi
    #   starlette
click==8.5.0 \
    --hash=sha256:255bc9599cf7748b4b1a446ccc735421bd08a2ae529a8b88597d3de5664ee360 \
    --hash=sha256:ba0d2089de75ea0310e2dde03160e6ca10009947fb95a182f9b54021bb272e34
    # via uvicorn
cmake==4.4.4 \
    --hash=sha256:02e9599cba932b386dc5c7e29db5dbda0610d13263798ff1521298c18014357d \
    --hash=sha256:3c3f40c4656ec1ad1b873dd502bb31b3bba75295ae66b2623e515f2931eddbcb \
    --hash=sha256:45a5c5e058e1e456f8da99e8bb83c98df079f385afd0bbea222a7eab6fdc1a8f \
    --hash=sha256:6b914a7d9492d6134d43d484500cacd3a70466f6e31fcaf5145cf87128c28114 \
    --hash=sha256:7b4a9c0d8146691d91b094633e4cd4f0cc4cdb8e04db0e8d805056db064396e0 \
    --hash=sha256:883962a72b1b3a16ff445427f24c8caca9797dd9e563bbe208cbcd89e877f9d3 \
    --hash=sha256:959fdcb277c63180928fe2c388063aa26dcfa1968033f7904eed1948ed44283b \
    --hash=sha256:9ca4d839ced82f92b69319f50a65addf3051fae5d34464d9ac5b0296aba6ccb3 \
    --hash=sha256:a3b4d4a35ba69360e630d2ce33020f42a61e09af28fe81122697989d11be8b39 \
    --hash=sha256:ad8e0a38b5707e27882701146bdfffecacd80e7703fa0fc36c77528518d545af \
    --hash=sha256:b3029f586853e01ddf2824c1ff124a1c5284f8ae897994758e9c4eeb45903b58 \
    --hash=sha256:b4ed2c1a8f9c90e37a1f3095f7ed94979ebf3f94d0e90e63d50f4e72d419773a \
    --hash=sha256:c7def2c08d9d0d31bab239209946e45a97520518ae63c0401772206f28b81523 \
    --hash=sha256:d25e1d6baad137ddf21e576bf5296cd941bdd0da85baedbf78f673261fd2fca3 \
    --hash=sha256:e2d98233f16b5d6b9d4673a0a724ce801fc413811befb8f0b008cbffb7a2ad63 \
    --hash=sha256:eb0ff21b4309828f8fc0f0542022768f24b15aa1af3284e16c1eb01cdbe7d3e5 \
    --hash=sha256:ed50c732a82ac04f6e5606a0677ddfb49dda9ee130f9d4163c5df217e478417e \
    --hash=sha256:f337d18e33b116cabae9a7a8ff423fc0bc3f389da0acefeb724e1397128dcc34 \
    --hash=sha256:f773a0544c66370408f451acd487c2c643b0dfebb48c5d64f3638bc1bb820238
    # via triton
exceptiongroup==1.3.1 \
    --hash=sha256:8b412432c6055b0b7d14c310000ae93352ed6754f70fa8f7c34141f91c4e3219 \
    --hash=sha256:a7a39a3bd276781e98394987d3a5701d0c4edffb633bb7a5144577f82c773598
    # via anyio
fastapi==0.104.1 \
    --hash=sha256:752dc31160cdbd0436bb93bad51560b57e525cbb1d4bbf6f4904ceee75548241 \
    --hash=sha256:e5e4540a7c5e1dcfbbcf5b903c234feddcdcd881f191977a1c5dfd917487e7ae
    # via -r requirements.in
filelock==4.0.12 \
    --hash=sha256:5f17ee83ecee8a6f3e389c75822fb70a1c2f0506b99438a6dffa1d56793588c8 \
    --hash=sha256:cf42711a7ac791818b299fab0332a088c65aeeefa36290de98db92c434303b0c
    # via
    #   torch
    #   triton
h11==0.16.0 \
    --hash=sha256:4e35b956cf45792e4caa5885e69fba00bdbc6ffafbfa020300e549b208ee5ff1 \
    --hash=sha256:63cf8bbe7522de3bf65932fda1d9c2772064ffb3dae62d55932da54b31cb6c86
    # via uvicorn
idna==3.20 \
    --hash=sha256:a7db850025b95ded1eae8a46181a1a6c56c92c96f0e2b005d9ff8dc0210cab44 \
    --hash=sha256:ab7ae7122974553370f0bdb919e1a960b2cd1bc1ef0276416d896db81c14582c
    # via anyio
jinja2==3.1.6 \
    --hash=sha256:0137fb05990d35f1275a587e9aee6d56da821fc83491a0fb838183be43f66d6d \
    --hash=sha256:85ece4451f492d0c13c5dd7c13a64681a86afae63a5f347908daf103ce6d2f67
    # via torch
lit==23.1.2 \
    --hash=sha256:1a839a3f187ae74ce96d9b29a6b5b69671359e436b674e706f2ea5a343ca3cd6 \
    --hash=sha256:d3b90c32edf5d4f2686d387ac58f35e2f5eb9c87e62ca00d360fb6b7bde080ce
    # via triton
markupsafe==3.0.4 \
    --hash=sha256:007e1ffd9bf65bb6ee96df7b258fc632a4868dd5566037986c64781f35a36e98 \
    --hash=sha256:02fa4acbc6a3fc5c693c34d4dd8c1130b7fe99cc915181b0ddd6f72aeb296002 \
    --hash=sha256:03470d1a8268e692ecf79ecd565593e59d44219377a7ead61f1f1b94c1f7ff6b \
    --hash=sha256:04e7902ba80ee4bac1d50a549606527a1dcf0476cd81403db41099d3b60ec653 \
    --hash=sha256:051417f74bcaaefa316276e0ff723f541616ca51043d070da00249d9bddd3e3c \
    --hash=sha256:05295589e619b9bed252a86b532b8e27350abc372d18ba89b59375325e91ec1e \
    --hash=sha256:06de8ef6331f6e822c28d577dc8bf43fe398800477c49498f38fc38b67ff33fc \
    --hash=sha256:0764a13d34cae40db7bbf3a09b7e9b491bf4603e20b263a7a9d6b8e324975d0a \
    --hash=sha256:077293e425f28ec737dbcad442a71752e28f8ae27cde3d68acd1fb212091cd92 \
    --hash=sha256:0930db9bdc62d22944e10b066448bb65dc9abe9112880c7cab8da54db4284d5f \
    --hash=sha256:0cee7cb0f9a1b6892ea482237d9403b3d1b4603aee057d0ff01f0fac2d019a97 \
    --hash=sha256:0d9c47709875fdb321452056622e930c52afbc07a7d780762fbb8b4d91ce6fa4 \
    --hash=sha256:11935df9bf455ed0c04eb87bcd720f02b1fe5e02128a9430f23aed6f93336fc7 \
    --hash=sha256:12a606a492de952afcb43b59a14aaaaad120e708d3663dd0fdf2d738d427a691 \
    --hash=sha256:14bd2d845d62ab678eaf81da89d7b621b51756c72346745c1a594c09d49207a2 \
    --hash=sha256:15ba9e28640feef770374b116a6f019c21f52404aeabe516aa7f800587b98cfc \
    --hash=sha256:18a801868a884f216e784d7d14db2a4077143ce7610440aee2ce8f734e7cfcde \
    --hash=sha256:1c0df495a977d10460a94941799c72d5b5ab03d3858d949b55b5a66c8f371c99 \
    --hash=sha256:1caa2fa5a6184fb233153b35f654e6687bd555476f6170f29d8ee9be1a8b0af9 \
    --hash=sha256:1e1451fab512d1bcc3dc26988ec1edb0b82c2db909132872cd9356070a6b63df \
    --hash=sha256:1f1f9477e174582b0a1b583d60b66e1f2cf5d3fe12cee985e4aedf44766600e5 \
    --hash=sha256:2628d3a8cb648ecebb3c5d6b0a1052d400e4d8b7ac0fb786be8d285b50040d17 \
    --hash=sha256:26e9867520db70d37f7fb421a7f0d8adb40171011fb84ce869afa1a83370dfa8 \
    --hash=sha256:2a6ef68ae94aed8721934072b27a3b654ea2100b97e4ab864cf1489c90926fbc \
    --hash=sha256:2b2b1e18af909b448bb3cf9e3433366f7a8726271fc214e8b10e0f62a78c724b \
    --hash=sha256:2cb3dd71fc6be918ad4264346a8ed69485f9b7ed7bf35495d8e22807cd6b8bea \
    --hash=sha256:2d1b7d9308288661f56672b1b157d75fc536714d3638487bbea17b6318a78248 \
    --hash=sha256:2dad610540cb2e6272855c178f08ae9a1c7ac258a7fb71660553a5f104b42741 \
    --hash=sha256:2e5a7cd7fdd14fcb1ae5d7d8bf23d24fbd1daefd1fbca2580132e1ea75f098b5 \
    --hash=sha256:2e9ad7dd851bf45fab9f75cbff4cb493fee9979e8d8c7c9c3ee119022518edd6 \
    --hash=sha256:340cbb1957ba99929cbf19a75626d36ba1ae21d1730b287d1cf7f824a20c4fc7 \
    --hash=sha256:34bdde374c5932765d7dc685c4a1d191a3207852d67e8e0a9eb6ea85156181f1 \
    --hash=sha256:353bd63081912ab8cfa6a0c7d185934cdf8426f04c618bba6bc4b394f2069b67 \
    --hash=sha256:387d8cd30e69b3f0a72877b9ae717033396404e19095b17fe89753a981fda44f \
    --hash=sha256:3882fb412298575bae3b9c46868251f15cc69307359f87bb1b382e53d6e5a2c9 \
    --hash=sha256:38fc55594dab834470b6733dead2ee9e3f657fb0608c769dcafa0ba5ab52f45c \
    --hash=sha256:396ec4e65cc889f69786b3b89478b471cee5a3bcf468b9d9bb03e1a30fb291fc \
    --hash=sha256:39dbacefc411633db5b4378b066a9aca70a3d7e2922c9e578d825f844026eeba \
    --hash=sha256:3a93d9616ddecfb393727a0041a562cf0b15a244e20f2bd25efc7949be4c4f17 \
    --hash=sha256:3d23795802fc8bd72534836d64489bbf0f67c088959091bdb22e10735a5107bf \
    --hash=sha256:434139499bb20b502ed3baa1f169e618f924a97e7a777fea1a49446d80106cf6 \
    --hash=sha256:436e3ffc6310d3c41878c601db29098102fe5d8a467c49da4a4125254e0980f2 \
    --hash=sha256:489505b03f692c3f376394e49194fa7a7f9e8558d6e293a7056a0032b0c38163 \
    --hash=sha256:4a540e2d3192792fc84eced57bef37851ccb2b41f73291bb17408eea77bcd278 \
    --hash=sha256:4a7cdc2a420ca01058182da4253329764d4bfa055564d1eced90e6ba1e8b1d3d \
    --hash=sha256:4bced6e2a6dba6a28f7dd3c6ce14df1b2dd495923f16ea484cad03decd463b2b \
    --hash=sha256:4cf3468d5ec187ffffcaca8e61929a37448f215dafc1386a12c750a72fe53634 \
    --hash=sha256:4e2c4809c14559aa7ef426f27fb35afbb38104c349a903bf8f3600456764bb38 \
    --hash=sha256:4ed644d75aa94a2baf7ec3a96eaa160ea58c742eb9d27c6506053c5c40fc84ed \
    --hash=sha256:4f6e0852a0283b1b1fd776eeb7b766a5f440b3e2bd31ab51af3b400585f3965c \
    --hash=sha256:5066b244f576f91afc8ee3ba029a89f99d39c79b1853fe9d39bea9f0afbec148 \
    --hash=sha256:5086f9975abb1ab531ee6afca1761e4b59a19b446f3f6522ed776963228cfe5a \
    --hash=sha256:50b5bedc9ed8a94fc8857a42ef4f84a81ea88f8d4f05dc8705fb23ee6d8dcca7 \
    --hash=sha256:52704c5d36eb6dda8866493decd61111fff86244c9b1ad225ca01b9e91e5970f \
    --hash=sha256:55ffd6ce583d97dc71dc92e930324c8c0d25aea7e3ade6ae54ef77cedb096811 \
    --hash=sha256:569d65055d367e3dcdf30c3f41119467b73d9ee9faf332bdf40402644f5ac08e \
    --hash=sha256:57f9947a7e57a081c1e3e0a2dd0d2dcf290a4531450e6f611e30084c222a7295 \
    --hash=sha256:5989cb26b2e1efc6a42216a9f6b5ee495ce5ace2e5b352a9af489976b32d1ee2 \
    --hash=sha256:5c22873ad1f0532ba40fa1727f3c0fc1bbbaab6d373d4cbe3f0dc74b2e2521c7 \
    --hash=sha256:5e8b3d0b18fd623afa12ecb2ce8d8becef69f9b5440c6330c7972200e0bb84b0 \
    --hash=sha256:61631e08084be9e21a8967ec3139c7616ed7c5e9368e05c86d1b39562c8a57b6 \
    --hash=sha256:64511c54db4e4987aef4c41923235927428729e8174c5dba488429be70a998ed \
    --hash=sha256:6669c1bf34080161ce49c589cc512ef24d4c704ac9d2b2d3667f519c60418378 \
    --hash=sha256:672d207103e6b16ca098611b0f9efad6bc00afd47c03d6ef62186495ca677dc0 \
    --hash=sha256:6768d67d1bce64270e0fdc2e69309d68b9b18ae56ddf6c711d168e9d051c2cac \
    --hash=sha256:6a45c3d514f2436064db00d7fc8778d888f0236ebfed649b53d13a59e69ad51b \
    --hash=sha256:6bd9e1788e15bfcf6a9082de42e30387e7b85d211ab21e57a939bb8cfaaf8d96 \
    --hash=sha256:6d2a9efe686f9de00d0d1ea32a4a5a86d558a2277501bd78d964214eab625e59 \
    --hash=sha256:6da83a088f8ef93b2d483a8232a4dbf4d69d3d8496b568a03c56becac43e1808 \
    --hash=sha256:7018d4af1cd272e847aa5917983ab5e83e4f6579f9dbfecd4a79c0ca80b144c2 \
    --hash=sha256:71f88e749ea29f67f21f3b36433c1dc54c7729ed2a6d9e2da2e0d9e0d7b224eb \
    --hash=sha256:737c9c3981998eba27f11786f84fddcbabc74068b72a4a1f454ea02094b57b65 \
    --hash=sha256:73e77980c7207854f00fc4e71fb1626868d5740ab4012623d55c7a99ad122a72 \
    --hash=sha256:799c39bdf5e2f1292fedd3009f7b3c9e760f10b2420cb9638d56920840ff6db8 \
    --hash=sha256:7a83aa6e4805df46fed18e989d3d16f86ef60cb50bbc8d9ce3a6be89165fbf6e \
    --hash=sha256:7d3391b2188d18737cb2fa147028b1096236eaa7e156446c650a489fa2cadc91 \
    --hash=sha256:7e1636da3d8dfc220b6dd10264db5f2b165e4888c4518594898fbe381049af8a \
    --hash=sha256:805c8b84534fa10891890f0e4be39f3a99e94615d93e8836bf9fa1fdca2feeb2 \
    --hash=sha256:811d02d5122171c1941357efd8f9bf4ffe907b7f0a1a4e729a880e4be3f46e3e \
    --hash=sha256:8138eb83940ec7299024d92d4dee45f601b9e6c5ffde9d25f4e35e326203c707 \
    --hash=sha256:83b3944fea42a8400edf92fd1770fb8d0d4f7de651353bd2d8525a92dba69a21 \
    --hash=sha256:849dd2bb0e5e4ab2b71c7191726a4a8d5aa8a610daa584728cbee0b710ddc4ef \
    --hash=sha256:8698d70a8081ee8c090dbb394768b5789a1da8b131b5499f89d071dd3cfaf6be \
    --hash=sha256:8781a792a070cf2bd1b86d3aa943894115faaba6e88122a7bf32d62072742453 \
    --hash=sha256:88d59b473bfb03259722600839af9bbd7fa13a2eb514beefeedb95997882f69a \
    --hash=sha256:8909c2f1c6dd65e054ac4b573a91c8384d1492281e55d82d159d653f7a13adf6 \
    --hash=sha256:8965520ac587c94a4ac48b729be3d8b8de00af39699b17585dfb599babe77977 \
    --hash=sha256:8b5d563170ff8ba3181caa967c99a3c804d1dedb702c7cb93a6a7c32247da978 \
    --hash=sha256:8e124f974786f831d6043728e38296969d3579db8896fe004682f5758e613581 \
    --hash=sha256:8f0fac8b13d14bb06c68195f849371924ae53dd7b1c00fed24650f704383b692 \
    --hash=sha256:9240187afb63d2f9ddc3e032c670356fe941f6e20662ea168a5dc3f1f317e1b3 \
    --hash=sha256:925f929d6b59a8b3f8b8c6ac363cd0af7eecc81efb3071770b3c6717c450a369 \
    --hash=sha256:9348cbb300d224fe3b89793262cb093504d4ae927004468463f745188a193e4a \
    --hash=sha256:9388003072b95f2f1e3fd908604194d653ba21330d811961a78b7da1a77e9e36 \
    --hash=sha256:9438a2648b2195980cb2dd8e53ed7b8df91319e2d0b70ae61a9e1d1bc8d3bec9 \
    --hash=sha256:94e4c421742086aeee4c32a506eec8859d7634aad943f7e6aacf70f813478768 \
    --hash=sha256:94f5407f7bc64fa6463906b896f9904beeeb7dd8dc116ee8e9056c8714ff9916 \
    --hash=sha256:971a3bbb75d97ae4e2e8f7d4834236f86f85f0c85e04ab2e191db1123b04f80b \
    --hash=sha256:9e227f3dbe6bde7491cf0a9965d00b88c6b1a4a95d11480ddf88bb96d397c19f \
    --hash=sha256:9e25feb9e330b63edb0278a0acdf85e50d0cb0fbf49c3084abbe4e24ae195346 \
    --hash=sha256:9f098115c247e11d138ab83a28fa0323c77015007ea2df73ba5fd714dfefd67c \
    --hash=sha256:a18f38cafc329bac5e3c2b96c765b4c96d3d103421ed22ab7988c1e3fce27464 \
    --hash=sha256:a4bbd2d87dd233b9fc5812160c3d0ffbe42edc22a26ce0469f58479ede633fe9 \
    --hash=sha256:a5fcffb37e602b0b3c1638a97746b9b96125caa9bcf6fa41d337a9261de231ee \
    --hash=sha256:a8e9f292fcda89b324f2f5c91d13f1424a153e40fc2756f38ee23b15835ff300 \
    --hash=sha256:a9f54054101545a9a9cccefddf54316aa6e4491611fcbef9e91b3b6bebec04f6 \
    --hash=sha256:aa2c838cc024642cc04c6854232f32b43e5e22833dd11119c1766c7873b8370d \
    --hash=sha256:ac0c7c9f1609b0c4c114feb1d7a3409564c7fb77e360bed9e97e5d25dfeaf868 \
    --hash=sha256:add96447a86d205ab616665d53b2950ee81083757f56e6ea833c8b2917646b46 \
    --hash=sha256:ae9dcb8fbe244cb82f8a6458b455b927a03685e383d9bacf1ea5ce180b96dc97 \
    --hash=sha256:b4a635a0487774f841cb1fb62e907e7195cc95bc761e053184b8acc3ceb20733 \
    --hash=sha256:b4d12837e0203bbace818ff4a7461afdcd78bcd782351cea148139180d7bcffe \
    --hash=sha256:b61687d0828e72bf5cda24a2690188f37170bd31c9359ac97e4e66569f120a16 \
    --hash=sha256:b807e598953730f82e4eae3bd30f6a122cf6b31c398c6b504c0e04c13c170429 \
    --hash=sha256:b8cd1f918b26fd7b1832ece557cc18f2d8747309ff8b3f0ef9d4250c5ad67a39 \
    --hash=sha256:b91cc9d336957239ff200f30097e6fea2dc6d6fb3c81e853eaa09eac904fd894 \
    --hash=sha256:bd3ce56ae2cbae3ba82b683bc425cd7e48d2ed8b10f3e818186b6f5646d9271c \
    --hash=sha256:be6cb0c799abb0e2ba3e618e6d28ddddf7e485f6c2ce938dfa237daf3905072c \
    --hash=sha256:befb4158af32106b9a93db8d6d1d1cbbd418c0d5aca0cabb7b1780abf0c89169 \
    --hash=sha256:bf053da3c97a4bc5ecfbb218cdd2983febd91c617be8367d139882aa11e490aa \
    --hash=sha256:c02e8f18bdedba082cef725942ac823b9b60656db07f7e265cb31618dfd00d77 \
    --hash=sha256:c1bc67752d5f21013cfe430df4062441714eab79f65a6a05e01505957e9c35fe \
    --hash=sha256:c61750fadcd119d0825bcb7d7d675dd264dcc89cc05292aab5be68ebdbb374ad \
    --hash=sha256:c90d5b3d4e944e065a301d741b3c1d784f6bd1f503aa68b4967e32b2ba313d85 \
    --hash=sha256:c9a7f43c0b202b334cc9184af09bb8f21d3a209e038efaf106936fb69e6b026e \
    --hash=sha256:cb96e6e088d6cf71c1ea977510948320234824cf226e32f6f6e044f7a9c82b34 \
    --hash=sha256:cf63c214fe879a65e69a386f915e36104fc84254ab141240f8854602d8e0be2a \
    --hash=sha256:d1aca03ede943eb80ab3d63bb082c84b7aab85ea83bd0fd0c200260945fb49d9 \
    --hash=sha256:d2e56fd3b00222722abfb3f5f0759ddbae4b90811b5ad4343c64030ad1bde70c \
    --hash=sha256:d5f93ebbeb8032d47e349328ec8662d973d9b05a70b3c35df1f91fe419b84749 \
    --hash=sha256:d882a373d8093c2941e01291b7ced96e9cbe4781da9a7751ca7e6c70385e5214 \
    --hash=sha256:d920abdfa61279ba1a2ef9484aab07bf03331f8c08a10120fa332353d06e6932 \
    --hash=sha256:da2af0d7aebfc2074080d72efa6ab8317c62481ef1f896f65d9999c1c01f4494 \
    --hash=sha256:dd8ea6ebee7aedbf7c749fa80521d9ccf1ba473e0d1e14805caafbaad281c889 \
    --hash=sha256:de8b364c423ef0a4bad9069657d617f9a5d2b2062457a89b1fa16ee199c399c1 \
    --hash=sha256:df1ae86ff54725a01fa1a0510b914ca53a161b7050be74f6204e24aded5971d0 \
    --hash=sha256:dff05cb7016dff1e9fd68f4122c127b65dfc59de5306cfb7ad92f956f230bee2 \
    --hash=sha256:e1a622f13970d81f95d0c72f9dc090dce9085fccfa4c9f2174377ee32bd15786 \
    --hash=sha256:e49fb0d1ce92cfa0cb198cc5b1b11cdf9d0638658e2a2db2687e39db7c87fc78 \
    --hash=sha256:e5c802729725bd07e2bc3ab7b76dc7e0bbfc53129d8f1eb1c002c24cf774717e \
    --hash=sha256:e841068dc0be4cb6dfb5c890eb88cbdcff2f4a332393c7ec94e8e618bd32c1a8 \
    --hash=sha256:e916035e3e9930cbdfdd10abf48861340221857f45509565898e012263f7b289 \
    --hash=sha256:eba154571c16e032112afac0dc2dfe9e63c2ceb7aedd07bb7eecf2ce26d4dd4c \
    --hash=sha256:f03460ff076f70ab595bb45a0205ccea1971443575b6920c52e755dec2b3fbfe \
    --hash=sha256:f0ec3b750b59375eab5b0fb2b9254810c00a3375be6d789899f1055a1d556237 \
    --hash=sha256:f291bcf42ae98eb5107edb162c3c998b4a89648fd8e99ed4cbd12705292788cd \
    --hash=sha256:f61efe1d2fe0de16158a5fe1d1cf3c14bdb6aecd54d8938fd26512c525c1f624 \
    --hash=sha256:f68edfc67aabac33708941f26f22a7b8e9f81429bc0cf249fcf7d66b23af8d19 \
    --hash=sha256:fa95848c929b6a75f6848d3c9793e59db365ee436776e57db835cdbfa79ba977 \
    --hash=sha256:fd9f8797427910198f95bced71ddfed61130d7e349213bfb8466c9c99e2c46a8 \
    --hash=sha256:fdb4ca07ab75ffadab4a8b135ad59cdbb3156b99310f3d565370da74a15d6bd3
    # via jinja2
mpmath==1.3.0 \
    --hash=sha256:7a28eb2a9774d00c7bc92411c19a89209d5da7c4c9a9e227be8330a23a25b91f \
    --hash=sha256:a0b2b9fe80bbcd81a6647ff13108738cfb482d481d826cc0e02f5b35e5c88d2c
    # via sympy
networkx==3.4.2 \
    --hash=sha256:307c3669428c5362aab27c8a1260aa8f47c4e91d3891f48be0141738d8d053e1 \
    --hash=sha256:df5d4365b724cf81b8c6a7312509d0c22386097011ad1abe274afd5e9d3bbc5f
    # via torch
numpy==1.24.3 \
    --hash=sha256:0ec87a7084caa559c36e0a2309e4ecb1baa03b687201d0a847c8b0ed476a7187 \
    --hash=sha256:1a7d6acc2e7524c9955e5c903160aa4ea083736fde7e91276b0e5d98e6332812 \
    --hash=sha256:202de8f38fc4a45a3eea4b63e2f376e5f2dc64ef0fa692838e31a808520efaf7 \
    --hash=sha256:210461d87fb02a84ef243cac5e814aad2b7f4be953b32cb53327bb49fd77fbb4 \
    --hash=sha256:2d926b52ba1367f9acb76b0df6ed21f0b16a1ad87c6720a1121674e5cf63e2b6 \
    --hash=sha256:352ee00c7f8387b44d19f4cada524586f07379c0d49270f87233983bc5087ca0 \
    --hash=sha256:35400e6a8d102fd07c71ed7dcadd9eb62ee9a6e84ec159bd48c28235bbb0f8e4 \
    --hash=sha256:3c1104d3c036fb81ab923f507536daedc718d0ad5a8707c6061cdfd6d184e570 \
    --hash=sha256:4719d5aefb5189f50887773699eaf94e7d1e02bf36c1a9d353d9f46703758ca4 \
    --hash=sha256:4749e053a29364d3452c034827102ee100986903263e89884922ef01a0a6fd2f \
    --hash=sha256:5342cf6aad47943286afa6f1609cad9b4266a05e7f2ec408e2cf7aea7ff69d80 \
    --hash=sha256:56e48aec79ae238f6e4395886b5eaed058abb7231fb3361ddd7bfdf4eed54289 \
    --hash=sha256:76e3f4e85fc5d4fd311f6e9b794d0c00e7002ec122be271f2019d63376f1d385 \
    --hash=sha256:7776ea65423ca6a15255ba1872d82d207bd1e09f6d0894ee4a64678dd2204078 \
    --hash=sha256:784c6da1a07818491b0ffd63c6bbe5a33deaa0e25a20e1b3ea20cf0e43f8046c \
    --hash=sha256:8535303847b89aa6b0f00aa1dc62867b5a32923e4d1681a35b5eef2d9591a463 \
    --hash=sha256:9a7721ec204d3a237225db3e194c25268faf92e19338a35f3a224469cb6039a3 \
    --hash=sha256:a1d3c026f57ceaad42f8231305d4653d5f05dc6332a730ae5c0bea3513de0950 \
    --hash=sha256:ab344f1bf21f140adab8e47fdbc7c35a477dc01408791f8ba00d018dd0bc5155 \
    --hash=sha256:ab5f23af8c16022663a652d3b25dcdc272ac3f83c3af4c02eb8b824e6b3ab9d7 \
    --hash=sha256:ae8d0be48d1b6ed82588934aaaa179875e7dc4f3d84da18d7eae6eb3f06c242c \
    --hash=sha256:c91c4afd8abc3908e00a44b2672718905b8611503f7ff87390cc0ac3423fb096 \
    --hash=sha256:d5036197ecae68d7f491fcdb4df90082b0d4960ca6599ba2659957aafced7c17 \
    --hash=sha256:d6cc757de514c00b24ae8cf5c876af2a7c3df189028d68c0cb4eaa9cd5afc2bf \
    --hash=sha256:d933fabd8f6a319e8530d0de4fcc2e6a61917e0b0c271fded460032db42a0fe4 \
    --hash=sha256:ea8282b9bcfe2b5e7d491d0bf7f3e2da29700cec05b49e64d6246923329f2b02 \
    --hash=sha256:ecde0f8adef7dfdec993fd54b0f78183051b6580f606111a6d789cd14c61ea0c \
    --hash=sha256:f21c442fdd2805e91799fbe044a7b999b8571bb0ab0f7850d0cb9641a687092b
    # via
    #   -r requirements.in
    #   pandas
    #   rdkit
nvidia-cublas-cu11==11.10.3.66 \
    --hash=sha256:8ac17ba6ade3ed56ab898a036f9ae0756f1e81052a317bf98f8c6d18dc3ae49e \
    --hash=sha256:d32e4d75f94ddfb93ea0a5dda08389bcc65d8916a25cb9f37ac89edaeed3bded
    # via
    #   nvidia-cudnn-cu11
    #   nvidia-cusolver-cu11
    #   torch
nvidia-cuda-cupti-cu11==11.7.101 \
    --hash=sha256:7cc5b8f91ae5e1389c3c0ad8866b3b016a175e827ea8f162a672990a402ab2b0 \
    --hash=sha256:e0cfd9854e1f2edaa36ca20d21cd0bdd5dcfca4e3b9e130a082e05b33b6c5895
    # via torch
nvidia-cuda-nvrtc-cu11==11.7.99 \
    --hash=sha256:9f1562822ea264b7e34ed5930567e89242d266448e936b85bc97a3370feabb03 \
    --hash=sha256:f2effeb1309bdd1b3854fc9b17eaf997808f8b25968ce0c7070945c4265d64a3 \
    --hash=sha256:f7d9610d9b7c331fa0da2d1b2858a4a8315e6d49765091d28711c8946e7425e7
    # via torch
nvidia-cuda-runtime-cu11==11.7.99 \
    --hash=sha256:bc77fa59a7679310df9d5c70ab13c4e34c64ae2124dd1efd7e5474b71be125c7 \
    --hash=sha256:cc768314ae58d2641f07eac350f40f99dcb35719c4faff4bc458a7cd2b119e31
    # via torch
nvidia-cudnn-cu11==8.5.0.96 \
    --hash=sha256:402f40adfc6f418f9dae9ab402e773cfed9beae52333f6d86ae3107a1b9527e7 \
    --hash=sha256:71f8111eb830879ff2836db3cccf03bbd735df9b0d17cd93761732ac50a8a108
    # via torch
nvidia-cufft-cu11==10.9.0.58 \
    --hash=sha256:222f9da70c80384632fd6035e4c3f16762d64ea7a843829cb278f98b3cb7dd81 \
    --hash=sha256:34b7315104e615b230dc3c2d1861f13bff9ec465c5d3b4bb65b4986d03a1d8d4 \
    --hash=sha256:c4d316f17c745ec9c728e30409612eaf77a8404c3733cdf6c9c1569634d1ca03 \
    --hash=sha256:e21037259995243cc370dd63c430d77ae9280bedb68d5b5a18226bfc92e5d748
    # via torch
nvidia-curand-cu11==10.2.10.91 \
    --hash=sha256:eecb269c970fa599a2660c9232fa46aaccbf90d9170b96c462e13bcb4d129e2c \
    --hash=sha256:f742052af0e1e75523bde18895a9ed016ecf1e5aa0ecddfcc3658fd11a1ff417
    # via torch
nvidia-cusolver-cu11==11.4.0.1 \
    --hash=sha256:00f70b256add65f8c1eb3b6a65308795a93e7740f6df9e273eccbba770d370c4 \
    --hash=sha256:700b781bfefd57d161443aff9ace1878584b93e0b2cfef3d6e9296d96febbf99 \
    --hash=sha256:72fa7261d755ed55c0074960df5904b65e2326f7adce364cbe4945063c1be412
    # via torch
nvidia-cusparse-cu11==11.7.4.91 \
    --hash=sha256:304a01599534f5186a8ed1c3756879282c72c118bc77dd890dc1ff868cad25b9 \
    --hash=sha256:a3389de714db63321aa11fbec3919271f415ef19fda58aed7f2ede488c32733d
    # via torch
nvidia-nccl-cu11==2.14.3 \
    --hash=sha256:5e5534257d1284b8e825bc3a182c6f06acd6eb405e9f89d49340e98cd8f136eb
    # via torch
nvidia-nvtx-cu11==11.7.91 \
    --hash=sha256:b22c64eee426a62fc00952b507d6d29cf62b4c9df7a480fcc417e540e05fd5ac \
    --hash=sha256:dfd7fcb2a91742513027d63a26b757f38dd8b07fecac282c4d132a9d373ff064
    # via torch
packaging==26.3 \
    --hash=sha256:94edc256424af38762eb31306eed28beb9f0efc50a8837492c9d6fd6004aed79 \
    --hash=sha256:d7193f7c8e4e93f444fde0262bf90af30e16fa0ad0ad44cb553c87339b23cd1c
    # via wheel
pandas==2.1.3 \
    --hash=sha256:0296a66200dee556850d99b24c54c7dfa53a3264b1ca6f440e42bad424caea03 \
    --hash=sha256:04d4c58e1f112a74689da707be31cf689db086949c71828ef5da86727cfe3f82 \
    --hash=sha256:08637041279b8981a062899da0ef47828df52a1838204d2b3761fbd3e9fcb549 \
    --hash=sha256:11a771450f36cebf2a4c9dbd3a19dfa8c46c4b905a3ea09dc8e556626060fe71 \
    --hash=sha256:1329dbe93a880a3d7893149979caa82d6ba64a25e471682637f846d9dbc10dd2 \
    --hash=sha256:1f539e113739a3e0cc15176bf1231a553db0239bfa47a2c870283fd93ba4f683 \
    --hash=sha256:22929f84bca106921917eb73c1521317ddd0a4c71b395bcf767a106e3494209f \
    --hash=sha256:321ecdb117bf0f16c339cc6d5c9a06063854f12d4d9bc422a84bb2ed3207380a \
    --hash=sha256:35172bff95f598cc5866c047f43c7f4df2c893acd8e10e6653a4b792ed7f19bb \
    --hash=sha256:3cc4469ff0cf9aa3a005870cb49ab8969942b7156e0a46cc3f5abd6b11051dfb \
    --hash=sha256:4441ac94a2a2613e3982e502ccec3bdedefe871e8cea54b8775992485c5660ef \
    --hash=sha256:465571472267a2d6e00657900afadbe6097c8e1dc43746917db4dfc862e8863e \
    --hash=sha256:59dfe0e65a2f3988e940224e2a70932edc964df79f3356e5f2997c7d63e758b4 \
    --hash=sha256:72c84ec1b1d8e5efcbff5312abe92bfb9d5b558f11e0cf077f5496c4f4a3c99e \
    --hash=sha256:7cf4cf26042476e39394f1f86868d25b265ff787c9b2f0d367280f11afbdee6d \
    --hash=sha256:7fa2ad4ff196768ae63a33f8062e6838efed3a319cf938fdf8b95e956c813042 \
    --hash=sha256:a5d53c725832e5f1645e7674989f4c106e4b7249c1d57549023ed5462d73b140 \
    --hash=sha256:acf08a73b5022b479c1be155d4988b72f3020f308f7a87c527702c5f8966d34f \
    --hash=sha256:b99c4e51ef2ed98f69099c72c75ec904dd610eb41a32847c4fcbc1a975f2d2b8 \
    --hash=sha256:d5ded6ff28abbf0ea7689f251754d3789e1edb0c4d0d91028f0b980598418a58 \
    --hash=sha256:de21e12bf1511190fc1e9ebc067f14ca09fccfb189a813b38d63211d54832f5f \
    --hash=sha256:f7ea8ae8004de0381a2376662c0505bb0a4f679f4c61fbfd122aa3d1b0e5f09d \
    --hash=sha256:fc77309da3b55732059e484a1efc0897f6149183c522390772d3561f9bf96c00 \
    --hash=sha256:fca5680368a5139d4920ae3dc993eb5106d49f814ff24018b64d8850a52c6ed2 \
    --hash=sha256:fcd76d67ca2d48f56e2db45833cf9d58f548f97f61eecd3fdc74268417632b8a
    # via -r requirements.in
pillow==12.3.0 \
    --hash=sha256:00808c5e14ef63ac5161091d242999076604ff74b883423a11e5d7bbb38bf756 \
    --hash=sha256:04f01d28a6aaff387bf842a13be313df23ba0597a44f1a976c9feb3c6ff4711a \
    --hash=sha256:06ff022112bc9cbf83b60f8e028d94ad87b60621706487e65f673de61610ab59 \
    --hash=sha256:0740a512dc522224c77d9aa5a8d70d8b7d73fb91f2c21125d8d025d3b8990e45 \
    --hash=sha256:0847a763afefb695bc912d7c131e7e0632d4edc1d8698f58ddabec8e46b8b6d3 \
    --hash=sha256:0dd2064cbc55aaec028ef5fbb60fa47bb6c3e7918e07ff17935284b227a9d2df \
    --hash=sha256:0feb2e9d6ad6c9e3c06effe9d00f3f1e618a6643273576b016f591e9315a7139 \
    --hash=sha256:10e41f0fbf1eec8cfd234b8fe17a4caac7c9d0db4c204d3c173a8f9f6ef3232b \
    --hash=sha256:1182d52bc2d5e5d7d0949503aa7e36d12f42205dc287e4883f407b1988820d39 \
    --hash=sha256:164b31cd1a0490ab6efae01aa5df49da7061be0af1b30e035b6e9a1bfe34ee6e \
    --hash=sha256:1657923d2d45afb66526e5b933e5b3052e6bdea196c90d3abb2424e18c77dae8 \
    --hash=sha256:186941b6aef820ad110fb01fb06eb925374dc3a21b17e37ec9a53b250c6fe2d1 \
    --hash=sha256:1cca606cd25738df4ed873d5ad46bbdb3d83b5cbca291f6b4ff13a4df6b0bbe8 \
    --hash=sha256:21900ce7ba264168cd50defae43cd75d25c833ad4ad6e73ffc5596d12e25ac89 \
    --hash=sha256:236ff70b9312fb68943c703aa842ca6a758abfa45ac187a5e7c1452e96ef72b5 \
    --hash=sha256:23aceaa007d6172b02c277f0cd359c79492bbb14f7072b4ede9fbcaf20648130 \
    --hash=sha256:23d27a3e0307ec2244cc51e7287b919aa68d097504ebe19df4e76a98a3eea5bd \
    --hash=sha256:24870b09b224f7ae3c39ed07d10e819d06f8720bc551847b1d623832b5b0e28d \
    --hash=sha256:251bf95b67017e27b13d82f5b326234ca62d70f9cf4c2b9032de2358a3b12c7b \
    --hash=sha256:25b9b82bb22e6e2b3cd07b39c68b7b862001226cb3dff7130d1cb914121b39ed \
    --hash=sha256:28ce87c5ab450a9dd970b52e5aca5fe63ed432d18a2eaddd1979a00a1ba24ace \
    --hash=sha256:300557495eb45ebb8aec96c2da9c4be642fbf7cd937278b4013ba894ea8eb0eb \
    --hash=sha256:30f2aa603c41533cc25c05acd0da21636e84a315768feb631c937177db558931 \
    --hash=sha256:331b624368d4f1d069149002f25f44bc61c8919ce8ddb3c45bdad8f6e2d89510 \
    --hash=sha256:37d6d0a00072fd2948eb22bce7e1475f34569d90c87c59f7a2ec59541b77f7a6 \
    --hash=sha256:37dc8f7bbb66efe481bb60defacef820c950c24713fb44962ed6aa2a50966de1 \
    --hash=sha256:3b8182a766685eaa002637e28b4ec8d6b18819a0c71f579bf0dbaa5830297cce \
    --hash=sha256:3edce1d53195db527e0191f84b71d02022de0540bf43a16ed734ed7537b07385 \
    --hash=sha256:446c34dcc4324b084a53b705127dc15717b22c5e140ae0a3c38349d4efec071e \
    --hash=sha256:4998562bf62a445225f22e07c896bb04b35b1b1f2eb6d760584c9c51d7a5f78c \
    --hash=sha256:4b0a7fe987b14c31ebda6083f74f22b561fd3739bc0ac51e019622e3d72668c7 \
    --hash=sha256:4e8c2a84d977f50b9daed6eeaf3baef67d00d5d74d932288f02cb94518ee3ace \
    --hash=sha256:4f883547d4b7f0495ebe7056b0cc2aea76094e7a4abc8e933540f3271df27d9c \
    --hash=sha256:514435a37670e3e5e08f3945b68718b6ed329bb84367777e16f9f4dfe1e61a0f \
    --hash=sha256:53aa02d20d10c3d814d536aa4e5ac9b84ca0ff5a88377963b085ad6822f93e64 \
    --hash=sha256:5594fc43d548a7ed94949d139aa1341b270f1863f11cfd37f5a6c8b778a6b67f \
    --hash=sha256:571b9fcb07b97ef3a492028fb3d2dc0993ca23a06138b0315286566d29ef718a \
    --hash=sha256:57b3d78c95ba9059768b10e28b813002261d3f3dfc55cc48b0c988f625175827 \
    --hash=sha256:5afb51d599ea772b8365ae807ae557f18bccfe46ab261fd1c2a9ed700fc6eb17 \
    --hash=sha256:6b02afb9b97f65fbca5f31db6a2a3ba21aa93030225f150fa3f249717e938fb4 \
    --hash=sha256:6c0016e7b354317c4e9e525b937ac8596c38d2d232b419529b9cd7a1cd46e39a \
    --hash=sha256:71d6097b330eea8fd15097780c8e89cb1a8ce7838669f48c5bacd6f663dd4701 \
    --hash=sha256:756c768d0c9c2955feb7a56c37ea24aea2e369f8d36a88da270b6a9f19e62b5e \
    --hash=sha256:78cb2c6865a35ab8ff8b75fd122f6033b92a62c82801110e48ddd6c936a45d91 \
    --hash=sha256:7a743ff716f746fc19a9557f60dab1600d4613255f8a7aeb3cdde4db7eb15a66 \
    --hash=sha256:85f998ea1848bc6757289e739cfbdda3a04adfd58b02fc018ce54d754a5ce468 \
    --hash=sha256:8728f216dcdb6e6d555cf971cb34076139ad74b31fc2c14da4fafc741c5f6217 \
    --hash=sha256:877c3f311ff35410f690861c4409e7ccbf0cd2f878e50628a28e5a0bb689e658 \
    --hash=sha256:8cd2f7bdda092d99c9fc2fb7391354f306d01443d22785d0cbfafa2e2c8bb418 \
    --hash=sha256:8e95e1385e4998ae9694eeaa4730ba5457ff61185b3a55e2e7bea0880aef452a \
    --hash=sha256:962864dc93511324d51ddbb5b9f8731bf71675b93ca612a07441896f4688fb8c \
    --hash=sha256:9cf95fe4d0f84c82d282745d9bb08ad9f926efa00be4697e767b814ce40d4330 \
    --hash=sha256:9e881fca225083806662a5c43d627d215f258ff43c890f831966c7d7ba9c7402 \
    --hash=sha256:a2b55dd6b2a4c4b7d87ffa56bdb33fdc5fdb9a462173861a7bc097f17d91cb09 \
    --hash=sha256:a45650e8ce7fafffd731db8550230db6b0d306d181a90b67d3e6bca2f1990930 \
    --hash=sha256:a876864214e136f0eb367788dbd7df045f4806801518e2cfe9e13229cfe06d8f \
    --hash=sha256:ae26d61dfa7a47befdc7572b521024e8745f3d809bd95ca9505a7bba9ef849ec \
    --hash=sha256:af8d94b0db561cf68b88a267c5c44b49e134f525d0dc2cb7ed413a66bc23559a \
    --hash=sha256:b343699e8308bdc51978310e1c959c584e7869cc8c40780058c87da7781a1e94 \
    --hash=sha256:b3c777e849237620b022f7f297dd67705f9f5cf1685f09f02e46f93e92725468 \
    --hash=sha256:b629de27fda84b42cde7edef0d85f13b958b47f6e9bbcbba9b673c562a89bd8b \
    --hash=sha256:ba09209fbe443b4acccebe845d8a138b89a8f4fbaeedd44953490b5315d5e965 \
    --hash=sha256:ba54cfebe86920a559a7c4d6b9050791c20513650a1952ebe3368c7dc70306f8 \
    --hash=sha256:bcb46e2f9feff8d06323983bd83ed00c201fdcab3d74973e7072a889b3979fcd \
    --hash=sha256:bcc33feacfaefce60c12fd500a277533bdc02b10a19f7f6d348763d8140bbba7 \
    --hash=sha256:bf16ba1b4d0b6b7c8e534936632270cf70eb00dbe09005bc345b2677b726855c \
    --hash=sha256:cf1845d02ad822a369a49f2bb9345b1614744267682e7a03527dc3bf6eea1777 \
    --hash=sha256:d69141514cc30b774ceea5e3ed3a6635c8d8a96edf664689b890f4089111fb35 \
    --hash=sha256:d9c7f76c0673154f044e9d78c8655fb4213f6ca31a836df48b40fe5d187717b9 \
    --hash=sha256:dbce0b29841537a2fa4a214c2bbf14de3587c9680caa9b4e217568472490b28f \
    --hash=sha256:dc624f6bc473dacdf7ef7eb8678d0d08edf15cd94fad6ae5c7d6cc67a4e4902f \
    --hash=sha256:e158cb00350dc278f3b91551101aa7d12415a66ebf2c91d8d5ac14e56ddd3ad0 \
    --hash=sha256:e491916b378fba47242221bb9ead245211b70d504f495d105d17b14a24b4907c \
    --hash=sha256:e795b7eb908249c4e43c7c99fac7c2c75dab0c43566e37db472a355f63693d71 \
    --hash=sha256:e7e480451b9fa137494bccd3a7d69adbe8ac65a87d97be61e11f1b1050a5bac3 \
    --hash=sha256:e91206ee562682b51b98ef4b26a6ef48fd84e15fd4c4bc5ec768eb641d206838 \
    --hash=sha256:e9871b1ffbfa9656b60aeee92ed5136a5742696006fa322b29ea3d8da0ecc9cf \
    --hash=sha256:e9aeb04d6aef139de265b29683e119b638208f88cf73cdd1658aa07221165321 \
    --hash=sha256:ebaea975e03d3141d9d3a507df75c9b3ec90fa9d2ffd07567b3a978d9d790b26 \
    --hash=sha256:f0606c8bf2cdefea14a43530f7657cbbb7ecf1c4222512492ef4a4434a9501ec \
    --hash=sha256:f13c32a3abd6079a66d9526e18dad9b6d280384d49d7c54040cd57b6424041d9 \
    --hash=sha256:f7401aebd7f581d7f83a439d87d474999317ee099218e5ad25d125290990ba65 \
    --hash=sha256:fa4ecea169a355be7a3ade2c783e2ed12f0e40d2c5621cda8b3297faf7fbb9f5 \
    --hash=sha256:fbd139c8447d25dd750ab79ee274cc5e1fe80fc56340ab10b18a195e1b6eca3e \
    --hash=sha256:fdafc9cce40277e0f7a0feabce0ee50dd2fa1800f3b38015e51296b5e814048d \
    --hash=sha256:fe3cca2e4e8a592be0f269a1ca4835c25199d9f3ce815c8491048f785b0a0198 \
    --hash=sha256:ffd0c5368496f41b0944be820fcb7a838aa6e623d250b01acf2643939c3f99d7
    # via rdkit
pydantic==2.5.0 \
    --hash=sha256:69bd6fb62d2d04b7055f59a396993486a2ee586c43a0b89231ce0000de07627c \
    --hash=sha256:7ce6e766c456ad026fe5712f7bcf036efc34bd5d107b3e669ef7ea01b3a9050c
    # via
    #   -r requirements.in
    #   fastapi
pydantic-core==2.14.1 \
    --hash=sha256:023b6d7ec4e97890b28eb2ee24413e69a6d48de4e8b75123957edd5432f4eeb3 \
    --hash=sha256:052d8731aaf844f91fe4cd3faf28983b109a5865b3a256ec550b80a5689ead87 \
    --hash=sha256:0a8c8daf4e3aa3aeb98e3638fc3d58a359738f3d12590b2474c6bb64031a0764 \
    --hash=sha256:0d82a6ee815388a362885186e431fac84c7a06623bc136f508e9f88261d8cadb \
    --hash=sha256:101df420e954966868b8bc992aefed5fa71dd1f2755104da62ee247abab28e2f \
    --hash=sha256:102ac85a775e77821943ae38da9634ddd774b37a8d407181b4f7b05cdfb36b55 \
    --hash=sha256:1185548665bc61bbab0dc78f10c8eafa0db0aa1e920fe9a451b77782b10a65cc \
    --hash=sha256:12163197fec7c95751a3c71b36dcc1909eed9959f011ffc79cc8170a6a74c826 \
    --hash=sha256:130e49aa0cb316f743bc7792c36aefa39fc2221312f1d4b333b19edbdd71f2b1 \
    --hash=sha256:132b40e479cb5cebbbb681f77aaceabbc8355df16c9124cff1d4060ada83cde2 \
    --hash=sha256:144f2c1d5579108b6ed1193fcc9926124bd4142b0f7020a7744980d1235c8a40 \
    --hash=sha256:16f4a7e1ec6b3ea98a1e108a2739710cd659d68b33fbbeaba066202cab69c7b6 \
    --hash=sha256:184ff7b30c3f60e1b775378c060099285fd4b5249271046c9005f8b247b39377 \
    --hash=sha256:1bfb63821ada76719ffcd703fc40dd57962e0d8c253e3c565252e6de6d3e0bc6 \
    --hash=sha256:1e7208946ea9b27a8cef13822c339d4ae96e45952cc01fc4a91c7f1cb0ae2861 \
    --hash=sha256:217dcbfaf429a9b8f1d54eb380908b9c778e78f31378283b30ba463c21e89d5d \
    --hash=sha256:2459cc06572730e079ec1e694e8f68c99d977b40d98748ae72ff11ef21a56b0b \
    --hash=sha256:24ba48f9d0b8d64fc5e42e1600366c3d7db701201294989aebdaca23110c02ab \
    --hash=sha256:26242e3593d4929123615bd9365dd86ef79b7b0592d64a96cd11fd83c69c9f34 \
    --hash=sha256:2871daf5b2823bf77bf7d3d43825e5d904030c155affdf84b21a00a2e00821d2 \
    --hash=sha256:28734bcfb8fc5b03293dec5eb5ea73b32ff767f6ef79a31f6e41dad2f5470270 \
    --hash=sha256:2a7d08b39fac97540fba785fce3b21ee01a81f081a07a4d031efd791da6666f9 \
    --hash=sha256:2be018a84995b6be1bbd40d6064395dbf71592a981169cf154c0885637f5f54a \
    --hash=sha256:3303113fdfaca927ef11e0c5f109e2ec196c404f9d7ba5f8ddb63cdf287ea159 \
    --hash=sha256:36c3bf96f803e207a80dbcb633d82b98ff02a9faa76dd446e969424dec8e2b9f \
    --hash=sha256:3d5b2a4b3c10cad0615670cab99059441ff42e92cf793a0336f4bc611e895204 \
    --hash=sha256:3f48d4afd973abbd65266ac24b24de1591116880efc7729caf6b6b94a9654c9e \
    --hash=sha256:42d5d0e9bbb50481a049bd0203224b339d4db04006b78564df2b782e2fd16ebc \
    --hash=sha256:443dc5eede7fa76b2370213e0abe881eb17c96f7d694501853c11d5d56916602 \
    --hash=sha256:49ee28d65f506b2858a60745cc974ed005298ebab12693646b97641dd7c99c35 \
    --hash=sha256:4f0788699a92d604f348e9c1ac5e97e304e97127ba8325c7d0af88dcc7d35bd3 \
    --hash=sha256:51506e7652a2ef1d1cf763c4b51b972ff4568d1dddc96ca83931a6941f5e6389 \
    --hash=sha256:53efe03cc383a83660cfdda6a3cb40ee31372cedea0fde0b2a2e55e838873ab6 \
    --hash=sha256:55713d155da1e508083c4b08d0b1ad2c3054f68b8ef7eb3d3864822e456f0bb5 \
    --hash=sha256:581bb606a31749a00796f5257947a0968182d7fe91e1dada41f06aeb6bfbc91a \
    --hash=sha256:5879ac4791508d8f0eb7dec71ff8521855180688dac0c55f8c99fc4d1a939845 \
    --hash=sha256:587d75aec9ae50d0d63788cec38bf13c5128b3fc1411aa4b9398ebac884ab179 \
    --hash=sha256:59fa83873223f856d898452c6162a390af4297756f6ba38493a67533387d85d9 \
    --hash=sha256:5a1570875eb0d1479fb2270ed80c88c231aaaf68b0c3f114f35e7fb610435e4f \
    --hash=sha256:5b45b7be9f99991405ecd6f6172fb6798908a8097106ae78d5cc5cc15121bad9 \
    --hash=sha256:6015beb28deb5306049ecf2519a59627e9e050892927850a884df6d5672f8c7d \
    --hash=sha256:6590ed9d13eb51b28ea17ddcc6c8dbd6050b4eb589d497105f0e13339f223b72 \
    --hash=sha256:66dc0e63349ec39c1ea66622aa5c2c1f84382112afd3ab2fa0cca4fb01f7db39 \
    --hash=sha256:679cc4e184f213c8227862e57340d12fd4d4d19dc0e3ddb0f653f86f01e90f94 \
    --hash=sha256:69cd74e55a5326d920e7b46daa2d81c2bdb8bcf588eafb2330d981297b742ddc \
    --hash=sha256:69df82892ff00491d673b1929538efb8c8d68f534fdc6cb7fd3ac8a5852b9034 \
    --hash=sha256:72c2ef3787c3b577e5d6225d73a77167b942d12cef3c1fbd5e74e55b7f881c36 \
    --hash=sha256:744b807fe2733b6da3b53e8ad93e8b3ea3ee3dfc3abece4dd2824cc1f39aa343 \
    --hash=sha256:7977e261cac5f99873dc2c6f044315d09b19a71c4246560e1e67593889a90978 \
    --hash=sha256:798590d38c9381f07c48d13af1f1ef337cebf76ee452fcec5deb04aceced51c7 \
    --hash=sha256:812beca1dcb2b722cccc7e9c620bd972cbc323321194ec2725eab3222e6ac573 \
    --hash=sha256:8276bbab68a9dbe721da92d19cbc061f76655248fe24fb63969d0c3e0e5755e7 \
    --hash=sha256:85bb66d661be51b2cba9ca06759264b3469d2dbb53c3e6effb3f05fec6322be6 \
    --hash=sha256:871c641a83719caaa856a11dcc61c5e5b35b0db888e1a0d338fe67ce744575e2 \
    --hash=sha256:893bf4fb9bfb9c4639bc12f3de323325ada4c6d60e478d5cded65453e9364890 \
    --hash=sha256:8d927d042c0ef04607ee7822828b208ab045867d20477ec6593d612156798547 \
    --hash=sha256:8e17f0c3ba4cb07faa0038a59ce162de584ed48ba645c8d05a5de1e40d4c21e7 \
    --hash=sha256:9486e27bb3f137f33e2315be2baa0b0b983dae9e2f5f5395240178ad8e644728 \
    --hash=sha256:94cf6d0274eb899d39189144dcf52814c67f9b0fd196f211420d9aac793df2da \
    --hash=sha256:97246f896b4df7fd84caa8a75a67abb95f94bc0b547665bf0889e3262b060399 \
    --hash=sha256:9d59e0d7cdfe8ed1d4fcd28aad09625c715dc18976c7067e37d8a11b06f4be3e \
    --hash=sha256:a15f6e5588f7afb7f6fc4b0f4ff064749e515d34f34c666ed6e37933873d8ad8 \
    --hash=sha256:a2ccdc53cb88e51c7d47d74c59630d7be844428f6b8d463055ffad6f0392d8da \
    --hash=sha256:a68a36d71c7f638dda6c9e6b67f6aabf3fa1471b198d246457bfdc7c777cdeb7 \
    --hash=sha256:a7991f25b98038252363a03e6a9fe92e60fe390fda2631d238dc3b0e396632f8 \
    --hash=sha256:aadf74a40a7ae49c3c1aa7d32334fe94f4f968e21dd948e301bb4ed431fb2412 \
    --hash=sha256:abae6fd5504e5e438e4f6f739f8364fd9ff5a5cdca897e68363e2318af90bc28 \
    --hash=sha256:ac417312bf6b7a0223ba73fb12e26b2854c93bf5b1911f7afef6d24c379b22aa \
    --hash=sha256:ad9ea86f5fc50f1b62c31184767fe0cacaa13b54fe57d38898c3776d30602411 \
    --hash=sha256:b4ff385a525017f5adf6066d7f9fb309f99ade725dcf17ed623dc7dce1f85d9f \
    --hash=sha256:b89821a2c77cc1b8f2c1fc3aacd6a3ecc5df8f7e518dc3f18aef8c4dcf66003d \
    --hash=sha256:b8ff0302518dcd001bd722bbe342919c29e5066c7eda86828fe08cdc112668b8 \
    --hash=sha256:b91b5ec423e88caa16777094c4b2b97f11453283e7a837e5e5e1b886abba1251 \
    --hash=sha256:ba55d73a2df4771b211d0bcdea8b79454980a81ed34a1d77a19ddcc81f98c895 \
    --hash=sha256:bb1c6ecb53e4b907ee8486f453dd940b8cbb509946e2b671e3bf807d310a96fc \
    --hash=sha256:bc6a4ea9f88a810cb65ccae14404da846e2a02dd5c0ad21dee712ff69d142638 \
    --hash=sha256:c36987f5eb2a7856b5f5feacc3be206b4d1852a6ce799f6799dd9ffb0cba56ae \
    --hash=sha256:c6e98227eb02623d57e1fd061788837834b68bb995a869565211b9abf3de4bf4 \
    --hash=sha256:c7411cd06afeb263182e38c6ca5b4f5fe4f20d91466ad7db0cd6af453a02edec \
    --hash=sha256:c8c466facec2ccdf025b0b1455b18f2c3d574d5f64d24df905d3d7b8f05d5f4e \
    --hash=sha256:c964c0cc443d6c08a2347c0e5c1fc2d85a272dc66c1a6f3cde4fc4843882ada4 \
    --hash=sha256:ca942a2dc066ca5e04c27feaa8dfb9d353ddad14c6641660c565149186095343 \
    --hash=sha256:cb2fd3ab67558eb16aecfb4f2db4febb4d37dc74e6b8613dc2e7160fb58158a9 \
    --hash=sha256:d312ad20e3c6d179cb97c42232b53111bcd8dcdd5c1136083db9d6bdd489bc73 \
    --hash=sha256:d965bdb50725a805b083f5f58d05669a85705f50a6a864e31b545c589290ee31 \
    --hash=sha256:d983222223f63e323a5f497f5b85e211557a5d8fb670dc88f343784502b466ba \
    --hash=sha256:dee4682bd7947afc682d342a8d65ad1834583132383f8e801601a8698cb8d17a \
    --hash=sha256:e2be646a5155d408e68b560c0553e8a83dc7b9f90ec6e5a2fc3ff216719385db \
    --hash=sha256:e2c689439f262c29cf3fcd5364da1e64d8600facecf9eabea8643b8755d2f0de \
    --hash=sha256:e5a111f9158555582deadd202a60bd7803b6c68f406391b7cf6905adf0af6811 \
    --hash=sha256:e905014815687d88cbb14bbc0496420526cf20d49f20606537d87646b70f1046 \
    --hash=sha256:ebc79120e105e4bcd7865f369e3b9dbabb0d492d221e1a7f62a3e8e292550278 \
    --hash=sha256:f1a30eef060e21af22c7d23349f1028de0611f522941c80efa51c05a63142c62 \
    --hash=sha256:f483467c046f549572f8aca3b7128829e09ae3a9fe933ea421f7cb7c58120edb \
    --hash=sha256:f523e116879bc6714e61d447ce934676473b068069dce6563ea040381dc7a257 \
    --hash=sha256:f53a3ccdc30234cb4342cec541e3e6ed87799c7ca552f0b5f44e3967a5fed526 \
    --hash=sha256:fb290491f1f0786a7da4585250f1feee200fc17ff64855bdd7c42fb54526fa29 \
    --hash=sha256:fc3227408808ba7df8e95eb1d8389f4ba2203bed8240b308de1d7ae66d828f24 \
    --hash=sha256:fd80a2d383940eec3db6a5b59d1820f947317acc5c75482ff8d79bf700f8ad6a \
    --hash=sha256:fd937733bf2fe7d6a8bf208c12741f1f730b7bf5636033877767a75093c29b8a \
    --hash=sha256:ffba979801e3931a19cd30ed2049450820effe8f152aaa317e2fd93795d318d7
    # via pydantic
python-dateutil==2.9.0.post0 \
    --hash=sha256:37dd54208da7e1cd875388217d5e00ebd4179249f90fb72437e91a35459a0ad3 \
    --hash=sha256:a8b2bc7bffae282281c8140a97d3aa9c14da0b136dfe83f850eea9a5f7470427
    # via pandas
pytz==2026.5 \
    --hash=sha256:e658af3757f9e26a9d25dd2aff38335acd92bc9104f890a894b2c1ba28311b03 \
    --hash=sha256:fa23724b9c486543b9ff54a327ee7569ac83ade54bb9afd0fc18676620401c86
    # via pandas
rdkit==2023.9.1 \
    --hash=sha256:036e921ae0832cb39cc20a9cdb073f16b19c7b2d89bf8c4a4e66b2572f08445c \
    --hash=sha256:075449d53011cebec1ed46d5b160a17ee6e1f9a1f933205215e3c52ad08fc33f \
    --hash=sha256:0f4a040ae71c2a26653a55e270968d762ca8019909cc80524f032985b3be39b0 \
    --hash=sha256:1555e0a239b05ebaaeb48a3d67396fcab3757b1378347bdce2d0d7a94375357b \
    --hash=sha256:17e37df513b73d29c17058b062a2023aa8a68056f2dced2b697e5cd60c385c4d \
    --hash=sha256:2002c7555e595113ae25c38c13bb7acccd231793138e55cedf19cd894b9a23e0 \
    --hash=sha256:3c9d713460a68ffcd917ab1b6ec6b67ab04cb3dabf56688a1a2c8a0cf5a60edc \
    --hash=sha256:3fc471085e671e484b08d9417edbbcf93e5d22b46a42291deb1a3f47caada13c \
    --hash=sha256:54232b1a2577a636e2d374a009814345448acbbaf0972f34624e26229f1b54cb \
    --hash=sha256:5e25424d5b7a8b965e485ae2f28a075f739dca1619b073c3acd3d0af06af602e \
    --hash=sha256:795d278c8a175a142c7ac073f2fe7dd897b9cccf9a84b6f859c0054a25e746a5 \
    --hash=sha256:8ca461da7caf47892d90160dc2446e46f6c5e2d1eeb91c9abf0b6e81d10f5ea5 \
    --hash=sha256:94bbac5c8ef729e973650f4e14e309a8b50fa6d61815d4edaabf5d3087cab19f \
    --hash=sha256:a06f43ee9c3126ccb7f803f6f3c774f7ab461bc2d65a5c9b1b6fe0b0c6e84cca \
    --hash=sha256:a09eba04622cfbb4f26814b8335824ffec10a5dc1407a10278ed6d313b04cb86 \
    --hash=sha256:ac6ddb1b7462e2cf18671610240e7bb65e39506172c6c8e3276a675fd64fb8d7 \
    --hash=sha256:ad4f6344b89940e85601eaeb98d36523775ef9fc59ce9446d78dc40ba9ee030b \
    --hash=sha256:aeb85fb01d69b2a8509c66688c1b13c31a9ed30ddc9a4ed292fb513ff34d4a85 \
    --hash=sha256:b069106f0b8081e07a20c7c03754893efca95ba33ecadabc58a91f3d23e2c857 \
    --hash=sha256:ca6018c870537cf8aa83bd2d55d4a869772987dade3d19259174c7e2f2408aab \
    --hash=sha256:dd548ab0c6690caf2e0012db9b74f98a46b057476f8f5bfe4029dacbf6e9ae58 \
    --hash=sha256:e73c02f760798a0baac7ffe17b19fd3b100026c4f3ac217ead7aac22b6e52268 \
    --hash=sha256:eb17cb07e49ddbd338512a9548b4b7dcdec01d06d037005d8370ae47363af975 \
    --hash=sha256:f30df21779ec6e06c4ddbd22d11db23d85fd8c1c0c5f998c920f1ac673531e01 \
    --hash=sha256:f5bab7ca08b5be0ab74a3a111b874a8979daddacb40188711b5c0f1f2a2efe5f
    # via -r requirements.in
six==1.17.0 \
    --hash=sha256:4721f391ed90541fddacab5acf947aa0d3dc7d27b2e1e8eda2be8970586c3274 \
    --hash=sha256:ff70335d468e7eb6ec65b95b99d3a2836546063f63acc5171de367e834932a81
    # via python-dateutil
sniffio==1.3.1 \
    --hash=sha256:2f6da418d1f1e0fddd844478f41680e794e6051915791a034ff65e5f100525a2 \
    --hash=sha256:f4324edc670a0f49750a81b895f35c3adb843cca46f0530f79fc1babb23789dc
    # via anyio
starlette==0.27.0 \
    --hash=sha256:6a6b0d042acb8d469a01eba54e9cda6cbd24ac602c4cd016723117d6a7e73b75 \
    --hash=sha256:918416370e846586541235ccd38a474c08b80443ed31c578a418e2209b3eef91
    # via fastapi
sympy==1.14.0 \
    --hash=sha256:d3d3fe8df1e5a0b42f0e7bdf50541697dbe7d23746e894990c030e2b05e72517 \
    --hash=sha256:e091cc3e99d2141a0ba2847328f5479b05d94a6635cb96148ccb3f34671bd8f5
    # via torch
torch==2.0.1 \
    --hash=sha256:0882243755ff28895e8e6dc6bc26ebcf5aa0911ed81b2a12f241fc4b09075b13 \
    --hash=sha256:1adb60d369f2650cac8e9a95b1d5758e25d526a34808f7448d0bd599e4ae9072 \
    --hash=sha256:1bcffc16b89e296826b33b98db5166f990e3b72654a2b90673e817b16c50e32b \
    --hash=sha256:25aa43ca80dcdf32f13da04c503ec7afdf8e77e3a0183dd85cd3e53b2842e527 \
    --hash=sha256:359bfaad94d1cda02ab775dc1cc386d585712329bb47b8741607ef6ef4950747 \
    --hash=sha256:423e0ae257b756bb45a4b49072046772d1ad0c592265c5080070e0767da4e490 \
    --hash=sha256:567f84d657edc5582d716900543e6e62353dbe275e61cdc36eda4929e46df9e7 \
    --hash=sha256:5ef3ea3d25441d3957348f7e99c7824d33798258a2bf5f0f0277cbcadad2e20d \
    --hash=sha256:671a2565e3f63b8fe8e42ae3e36ad249fe5e567435ea27b94edaa672a7d0c416 \
    --hash=sha256:787b5a78aa7917465e9b96399b883920c88a08f4eb63b5a5d2d1a16e27d2f89b \
    --hash=sha256:7c84e44d9002182edd859f3400deaa7410f5ec948a519cc7ef512c2f9b34d2c4 \
    --hash=sha256:8742bdc62946c93f75ff92da00e3803216c6cce9b132fbca69664ca38cfb3e18 \
    --hash=sha256:8ced00b3ba471856b993822508f77c98f48a458623596a4c43136158781e306a \
    --hash=sha256:b6019b1de4978e96daa21d6a3ebb41e88a0b474898fe251fd96189587408873e \
    --hash=sha256:c62df99352bd6ee5a5a8d1832452110435d178b5164de450831a3a8cc14dc680 \
    --hash=sha256:dbd68cbd1cd9da32fe5d294dd3411509b3d841baecb780b38b3b7b06c7754434 \
    --hash=sha256:e10e1597f2175365285db1b24019eb6f04d53dcd626c735fc502f1e8b6be9875 \
    --hash=sha256:e617b1d0abaf6ced02dbb9486803abfef0d581609b09641b34fa315c9c40766d \
    --hash=sha256:ef654427d91600129864644e35deea761fb1fe131710180b952a6f2e2207075e \
    --hash=sha256:f66aa6b9580a22b04d0af54fcd042f52406a8479e2b6a550e3d9f95963e168c8
    # via
    #   -r requirements.in
    #   triton
tqdm==4.66.1 \
    --hash=sha256:d302b3c5b53d47bce91fea46679d9c3c6508cf6332229aa1e7d8653723793386 \
    --hash=sha256:d88e651f9db8d8551a62556d3cff9e3034274ca5d66e93197cf2490e2dcb69c7
    # via -r requirements.in
triton==2.0.0 \
    --hash=sha256:1aca3303629cd3136375b82cb9921727f804e47ebee27b2677fef23005c3851a \
    --hash=sha256:226941c7b8595219ddef59a1fdb821e8c744289a132415ddd584facedeb475b1 \
    --hash=sha256:38806ee9663f4b0f7cd64790e96c579374089e58f49aac4a6608121aa55e2505 \
    --hash=sha256:4c9fc8c89874bc48eb7e7b2107a9b8d2c0bf139778637be5bfccb09191685cfd \
    --hash=sha256:74f118c12b437fb2ca25e1a04759173b517582fcf4c7be11913316c764213656 \
    --hash=sha256:9618815a8da1d9157514f08f855d9e9ff92e329cd81c0305003eb9ec25cc5add \
    --hash=sha256:9d4978298b74fcf59a75fe71e535c092b023088933b2f1df933ec32615e4beef \
    --hash=sha256:d2684b6a60b9f174f447f36f933e9a45f31db96cb723723ecd2dcfd1c57b778b \
    --hash=sha256:e3e13aa8b527c9b642e3a9defcc0fbd8ffbe1c80d8ac8c15a01692478dc64d8a
    # via torch
typing-extensions==4.16.0 \
    --hash=sha256:481caa481374e813c1b176ada14e97f1f67a4539ce9cfeb3f350d78d6370c2e8 \
    --hash=sha256:dc983d19a509c94dba722ee6abd33940f7c05a89e243c47e907eb4db6f1a43e5
    # via
    #   exceptiongroup
    #   fastapi
    #   pydantic
    #   pydantic-core
    #   torch
    #   uvicorn
tzdata==2026.5 \
    --hash=sha256:8cc73c0a0bfca7dbfa59235d60b2eff82231dee33f53d206db1acd9173cfc0a7 \
    --hash=sha256:b683bd1b6659ddcd810ff02ad09ba821d4bf1065072805063eb35c49617905ac
    # via pandas
uvicorn==0.24.0 \
    --hash=sha256:368d5d81520a51be96431845169c225d771c9dd22a58613e1a181e6c4512ac33 \
    --hash=sha256:3d19f13dfd2c2af1bfe34dd0f7155118ce689425fdf931177abe832ca44b8a04
    # via -r requirements.in
wheel==0.48.0 \
    --hash=sha256:3217dcc807155e45db462d7ef2431f5ddda0d7273b700d05a67b271ceb1287ab \
    --hash=sha256:94800765601e9171bf5d58d066e640662842bcedcbab982b2c90787a2c987322
    # via
    #   nvidia-cublas-cu11
    #   nvidia-cuda-cupti-cu11
    #   nvidia-cuda-runtime-cu11
    #   nvidia-curand-cu11
    #   nvidia-cusparse-cu11
    #   nvidia-nvtx-cu11

# The following packages are considered to be unsafe in a requirements file:
setuptools==84.0.0 \
    --hash=sha256:51a52592b3b99e102b609654876bd65f19f999935166d1352678931132b0c670 \
    --hash=sha256:f4695c21257f0d9b537ec2692c941d02ee143b7cc1276941349a546573b2ef73
    # via
    #   nvidia-cublas-cu11
    #   nvidia-cuda-cupti-cu11
    #   nvidia-cuda-runtime-cu11
    #   nvidia-curand-cu11
    #   nvidia-cusparse-cu11
    #   nvidia-nvtx-cu11
